// !$*UTF8*$!
{
	archiveVersion = 1;
	classes = {
	};
	objectVersion = 46;
	objects = {

/* Begin PBXBuildFile section */
		028D278719E78FA900FF1002 /* ComposeViewController.swift in Sources */ = {isa = PBXBuildFile; fileRef = 028D278619E78FA900FF1002 /* ComposeViewController.swift */; };
		029700B319E75A0700CE424D /* TrendingViewController.swift in Sources */ = {isa = PBXBuildFile; fileRef = 029700B219E75A0700CE424D /* TrendingViewController.swift */; };
		029700B519E75A2800CE424D /* ProfileViewController.swift in Sources */ = {isa = PBXBuildFile; fileRef = 029700B419E75A2800CE424D /* ProfileViewController.swift */; };
		02D42DAA19E739EC00455C8D /* AppDelegate.swift in Sources */ = {isa = PBXBuildFile; fileRef = 02D42DA919E739EC00455C8D /* AppDelegate.swift */; };
		02D42DAC19E739EC00455C8D /* ViewController.swift in Sources */ = {isa = PBXBuildFile; fileRef = 02D42DAB19E739EC00455C8D /* ViewController.swift */; };
		02D42DAF19E739EC00455C8D /* Main.storyboard in Resources */ = {isa = PBXBuildFile; fileRef = 02D42DAD19E739EC00455C8D /* Main.storyboard */; };
		02D42DB119E739EC00455C8D /* Images.xcassets in Resources */ = {isa = PBXBuildFile; fileRef = 02D42DB019E739EC00455C8D /* Images.xcassets */; };
		02D42DB419E739EC00455C8D /* LaunchScreen.xib in Resources */ = {isa = PBXBuildFile; fileRef = 02D42DB219E739EC00455C8D /* LaunchScreen.xib */; };
		02D42DC019E739EC00455C8D /* TumblrTests.swift in Sources */ = {isa = PBXBuildFile; fileRef = 02D42DBF19E739EC00455C8D /* TumblrTests.swift */; };
		02D42DCA19E73E2D00455C8D /* TabBarViewController.swift in Sources */ = {isa = PBXBuildFile; fileRef = 02D42DC919E73E2D00455C8D /* TabBarViewController.swift */; };
		02D42DCC19E73E9600455C8D /* HomeViewController.swift in Sources */ = {isa = PBXBuildFile; fileRef = 02D42DCB19E73E9600455C8D /* HomeViewController.swift */; };
		02D42DCE19E73EAA00455C8D /* SearchViewController.swift in Sources */ = {isa = PBXBuildFile; fileRef = 02D42DCD19E73EAA00455C8D /* SearchViewController.swift */; };
/* End PBXBuildFile section */

/* Begin PBXContainerItemProxy section */
		02D42DBA19E739EC00455C8D /* PBXContainerItemProxy */ = {
			isa = PBXContainerItemProxy;
			containerPortal = 02D42D9C19E739EC00455C8D /* Project object */;
			proxyType = 1;
			remoteGlobalIDString = 02D42DA319E739EC00455C8D;
			remoteInfo = Tumblr;
		};
/* End PBXContainerItemProxy section */

/* Begin PBXFileReference section */
		028D278619E78FA900FF1002 /* ComposeViewController.swift */ = {isa = PBXFileReference; fileEncoding = 4; lastKnownFileType = sourcecode.swift; path = ComposeViewController.swift; sourceTree = "<group>"; };
		029700B219E75A0700CE424D /* TrendingViewController.swift */ = {isa = PBXFileReference; fileEncoding = 4; lastKnownFileType = sourcecode.swift; path = TrendingViewController.swift; sourceTree = "<group>"; };
		029700B419E75A2800CE424D /* ProfileViewController.swift */ = {isa = PBXFileReference; fileEncoding = 4; lastKnownFileType = sourcecode.swift; path = ProfileViewController.swift; sourceTree = "<group>"; };
		02D42DA419E739EC00455C8D /* Tumblr.app */ = {isa = PBXFileReference; explicitFileType = wrapper.application; includeInIndex = 0; path = Tumblr.app; sourceTree = BUILT_PRODUCTS_DIR; };
		02D42DA819E739EC00455C8D /* Info.plist */ = {isa = PBXFileReference; lastKnownFileType = text.plist.xml; path = Info.plist; sourceTree = "<group>"; };
		02D42DA919E739EC00455C8D /* AppDelegate.swift */ = {isa = PBXFileReference; lastKnownFileType = sourcecode.swift; path = AppDelegate.swift; sourceTree = "<group>"; };
		02D42DAB19E739EC00455C8D /* ViewController.swift */ = {isa = PBXFileReference; lastKnownFileType = sourcecode.swift; path = ViewController.swift; sourceTree = "<group>"; };
		02D42DAE19E739EC00455C8D /* Base */ = {isa = PBXFileReference; lastKnownFileType = file.storyboard; name = Base; path = Base.lproj/Main.storyboard; sourceTree = "<group>"; };
		02D42DB019E739EC00455C8D /* Images.xcassets */ = {isa = PBXFileReference; lastKnownFileType = folder.assetcatalog; path = Images.xcassets; sourceTree = "<group>"; };
		02D42DB319E739EC00455C8D /* Base */ = {isa = PBXFileReference; lastKnownFileType = file.xib; name = Base; path = Base.lproj/LaunchScreen.xib; sourceTree = "<group>"; };
		02D42DB919E739EC00455C8D /* TumblrTests.xctest */ = {isa = PBXFileReference; explicitFileType = wrapper.cfbundle; includeInIndex = 0; path = TumblrTests.xctest; sourceTree = BUILT_PRODUCTS_DIR; };
		02D42DBE19E739EC00455C8D /* Info.plist */ = {isa = PBXFileReference; lastKnownFileType = text.plist.xml; path = Info.plist; sourceTree = "<group>"; };
		02D42DBF19E739EC00455C8D /* TumblrTests.swift */ = {isa = PBXFileReference; lastKnownFileType = sourcecode.swift; path = TumblrTests.swift; sourceTree = "<group>"; };
		02D42DC919E73E2D00455C8D /* TabBarViewController.swift */ = {isa = PBXFileReference; fileEncoding = 4; lastKnownFileType = sourcecode.swift; path = TabBarViewController.swift; sourceTree = "<group>"; };
		02D42DCB19E73E9600455C8D /* HomeViewController.swift */ = {isa = PBXFileReference; fileEncoding = 4; lastKnownFileType = sourcecode.swift; path = HomeViewController.swift; sourceTree = "<group>"; };
		02D42DCD19E73EAA00455C8D /* SearchViewController.swift */ = {isa = PBXFileReference; fileEncoding = 4; lastKnownFileType = sourcecode.swift; path = SearchViewController.swift; sourceTree = "<group>"; };
/* End PBXFileReference section */

/* Begin PBXFrameworksBuildPhase section */
		02D42DA119E739EC00455C8D /* Frameworks */ = {
			isa = PBXFrameworksBuildPhase;
			buildActionMask = 2147483647;
			files = (
			);
			runOnlyForDeploymentPostprocessing = 0;
		};
		02D42DB619E739EC00455C8D /* Frameworks */ = {
			isa = PBXFrameworksBuildPhase;
			buildActionMask = 2147483647;
			files = (
			);
			runOnlyForDeploymentPostprocessing = 0;
		};
/* End PBXFrameworksBuildPhase section */

/* Begin PBXGroup section */
		02D42D9B19E739EC00455C8D = {
			isa = PBXGroup;
			children = (
				02D42DA619E739EC00455C8D /* Tumblr */,
				02D42DBC19E739EC00455C8D /* TumblrTests */,
				02D42DA519E739EC00455C8D /* Products */,
			);
			sourceTree = "<group>";
		};
		02D42DA519E739EC00455C8D /* Products */ = {
			isa = PBXGroup;
			children = (
				02D42DA419E739EC00455C8D /* Tumblr.app */,
				02D42DB919E739EC00455C8D /* TumblrTests.xctest */,
			);
			name = Products;
			sourceTree = "<group>";
		};
		02D42DA619E739EC00455C8D /* Tumblr */ = {
			isa = PBXGroup;
			children = (
				02D42DA919E739EC00455C8D /* AppDelegate.swift */,
				02D42DAB19E739EC00455C8D /* ViewController.swift */,
				02D42DAD19E739EC00455C8D /* Main.storyboard */,
				028D278619E78FA900FF1002 /* ComposeViewController.swift */,
				029700B419E75A2800CE424D /* ProfileViewController.swift */,
				029700B219E75A0700CE424D /* TrendingViewController.swift */,
				02D42DCD19E73EAA00455C8D /* SearchViewController.swift */,
				02D42DCB19E73E9600455C8D /* HomeViewController.swift */,
				02D42DC919E73E2D00455C8D /* TabBarViewController.swift */,
				02D42DB019E739EC00455C8D /* Images.xcassets */,
				02D42DB219E739EC00455C8D /* LaunchScreen.xib */,
				02D42DA719E739EC00455C8D /* Supporting Files */,
			);
			path = Tumblr;
			sourceTree = "<group>";
		};
		02D42DA719E739EC00455C8D /* Supporting Files */ = {
			isa = PBXGroup;
			children = (
				02D42DA819E739EC00455C8D /* Info.plist */,
			);
			name = "Supporting Files";
			sourceTree = "<group>";
		};
		02D42DBC19E739EC00455C8D /* TumblrTests */ = {
			isa = PBXGroup;
			children = (
				02D42DBF19E739EC00455C8D /* TumblrTests.swift */,
				02D42DBD19E739EC00455C8D /* Supporting Files */,
			);
			path = TumblrTests;
			sourceTree = "<group>";
		};
		02D42DBD19E739EC00455C8D /* Supporting Files */ = {
			isa = PBXGroup;
			children = (
				02D42DBE19E739EC00455C8D /* Info.plist */,
			);
			name = "Supporting Files";
			sourceTree = "<group>";
		};
/* End PBXGroup section */

/* Begin PBXNativeTarget section */
		02D42DA319E739EC00455C8D /* Tumblr */ = {
			isa = PBXNativeTarget;
			buildConfigurationList = 02D42DC319E739EC00455C8D /* Build configuration list for PBXNativeTarget "Tumblr" */;
			buildPhases = (
				02D42DA019E739EC00455C8D /* Sources */,
				02D42DA119E739EC00455C8D /* Frameworks */,
				02D42DA219E739EC00455C8D /* Resources */,
			);
			buildRules = (
			);
			dependencies = (
			);
			name = Tumblr;
			productName = Tumblr;
			productReference = 02D42DA419E739EC00455C8D /* Tumblr.app */;
			productType = "com.apple.product-type.application";
		};
		02D42DB819E739EC00455C8D /* TumblrTests */ = {
			isa = PBXNativeTarget;
			buildConfigurationList = 02D42DC619E739EC00455C8D /* Build configuration list for PBXNativeTarget "TumblrTests" */;
			buildPhases = (
				02D42DB519E739EC00455C8D /* Sources */,
				02D42DB619E739EC00455C8D /* Frameworks */,
				02D42DB719E739EC00455C8D /* Resources */,
			);
			buildRules = (
			);
			dependencies = (
				02D42DBB19E739EC00455C8D /* PBXTargetDependency */,
			);
			name = TumblrTests;
			productName = TumblrTests;
			productReference = 02D42DB919E739EC00455C8D /* TumblrTests.xctest */;
			productType = "com.apple.product-type.bundle.unit-test";
		};
/* End PBXNativeTarget section */

/* Begin PBXProject section */
		02D42D9C19E739EC00455C8D /* Project object */ = {
			isa = PBXProject;
			attributes = {
				LastUpgradeCheck = 0600;
				ORGANIZATIONNAME = "Sara Menefee";
				TargetAttributes = {
					02D42DA319E739EC00455C8D = {
						CreatedOnToolsVersion = 6.0;
					};
					02D42DB819E739EC00455C8D = {
						CreatedOnToolsVersion = 6.0;
						TestTargetID = 02D42DA319E739EC00455C8D;
					};
				};
			};
			buildConfigurationList = 02D42D9F19E739EC00455C8D /* Build configuration list for PBXProject "Tumblr" */;
			compatibilityVersion = "Xcode 3.2";
			developmentRegion = English;
			hasScannedForEncodings = 0;
			knownRegions = (
				en,
				Base,
			);
			mainGroup = 02D42D9B19E739EC00455C8D;
			productRefGroup = 02D42DA519E739EC00455C8D /* Products */;
			projectDirPath = "";
			projectRoot = "";
			targets = (
				02D42DA319E739EC00455C8D /* Tumblr */,
				02D42DB819E739EC00455C8D /* TumblrTests */,
			);
		};
/* End PBXProject section */

/* Begin PBXResourcesBuildPhase section */
		02D42DA219E739EC00455C8D /* Resources */ = {
			isa = PBXResourcesBuildPhase;
			buildActionMask = 2147483647;
			files = (
				02D42DAF19E739EC00455C8D /* Main.storyboard in Resources */,
				02D42DB419E739EC00455C8D /* LaunchScreen.xib in Resources */,
				02D42DB119E739EC00455C8D /* Images.xcassets in Resources */,
			);
			runOnlyForDeploymentPostprocessing = 0;
		};
		02D42DB719E739EC00455C8D /* Resources */ = {
			isa = PBXResourcesBuildPhase;
			buildActionMask = 2147483647;
			files = (
			);
			runOnlyForDeploymentPostprocessing = 0;
		};
/* End PBXResourcesBuildPhase section */

/* Begin PBXSourcesBuildPhase section */
		02D42DA019E739EC00455C8D /* Sources */ = {
			isa = PBXSourcesBuildPhase;
			buildActionMask = 2147483647;
			files = (
				02D42DCE19E73EAA00455C8D /* SearchViewController.swift in Sources */,
				02D42DAC19E739EC00455C8D /* ViewController.swift in Sources */,
				02D42DCA19E73E2D00455C8D /* TabBarViewController.swift in Sources */,
				028D278719E78FA900FF1002 /* ComposeViewController.swift in Sources */,
				02D42DAA19E739EC00455C8D /* AppDelegate.swift in Sources */,
				029700B519E75A2800CE424D /* ProfileViewController.swift in Sources */,
				02D42DCC19E73E9600455C8D /* HomeViewController.swift in Sources */,
				029700B319E75A0700CE424D /* TrendingViewController.swift in Sources */,
			);
			runOnlyForDeploymentPostprocessing = 0;
		};
		02D42DB519E739EC00455C8D /* Sources */ = {
			isa = PBXSourcesBuildPhase;
			buildActionMask = 2147483647;
			files = (
				02D42DC019E739EC00455C8D /* TumblrTests.swift in Sources */,
			);
			runOnlyForDeploymentPostprocessing = 0;
		};
/* End PBXSourcesBuildPhase section */

/* Begin PBXTargetDependency section */
		02D42DBB19E739EC00455C8D /* PBXTargetDependency */ = {
			isa = PBXTargetDependency;
			target = 02D42DA319E739EC00455C8D /* Tumblr */;
			targetProxy = 02D42DBA19E739EC00455C8D /* PBXContainerItemProxy */;
		};
/* End PBXTargetDependency section */

/* Begin PBXVariantGroup section */
		02D42DAD19E739EC00455C8D /* Main.storyboard */ = {
			isa = PBXVariantGroup;
			children = (
				02D42DAE19E739EC00455C8D /* Base */,
			);
			name = Main.storyboard;
			sourceTree = "<group>";
		};
		02D42DB219E739EC00455C8D /* LaunchScreen.xib */ = {
			isa = PBXVariantGroup;
			children = (
				02D42DB319E739EC00455C8D /* Base */,
			);
			name = LaunchScreen.xib;
			sourceTree = "<group>";
		};
/* End PBXVariantGroup section */

/* Begin XCBuildConfiguration section */
		02D42DC119E739EC00455C8D /* Debug */ = {
			isa = XCBuildConfiguration;
			buildSettings = {
				ALWAYS_SEARCH_USER_PATHS = NO;
				CLANG_CXX_LANGUAGE_STANDARD = "gnu++0x";
				CLANG_CXX_LIBRARY = "libc++";
				CLANG_ENABLE_MODULES = YES;
				CLANG_ENABLE_OBJC_ARC = YES;
				CLANG_WARN_BOOL_CONVERSION = YES;
				CLANG_WARN_CONSTANT_CONVERSION = YES;
				CLANG_WARN_DIRECT_OBJC_ISA_USAGE = YES_ERROR;
				CLANG_WARN_EMPTY_BODY = YES;
				CLANG_WARN_ENUM_CONVERSION = YES;
				CLANG_WARN_INT_CONVERSION = YES;
				CLANG_WARN_OBJC_ROOT_CLASS = YES_ERROR;
				CLANG_WARN_UNREACHABLE_CODE = YES;
				CLANG_WARN__DUPLICATE_METHOD_MATCH = YES;
				"CODE_SIGN_IDENTITY[sdk=iphoneos*]" = "iPhone Developer";
				COPY_PHASE_STRIP = NO;
				ENABLE_STRICT_OBJC_MSGSEND = YES;
				GCC_C_LANGUAGE_STANDARD = gnu99;
				GCC_DYNAMIC_NO_PIC = NO;
				GCC_OPTIMIZATION_LEVEL = 0;
				GCC_PREPROCESSOR_DEFINITIONS = (
					"DEBUG=1",
					"$(inherited)",
				);
				GCC_SYMBOLS_PRIVATE_EXTERN = NO;
				GCC_WARN_64_TO_32_BIT_CONVERSION = YES;
				GCC_WARN_ABOUT_RETURN_TYPE = YES_ERROR;
				GCC_WARN_UNDECLARED_SELECTOR = YES;
				GCC_WARN_UNINITIALIZED_AUTOS = YES_AGGRESSIVE;
				GCC_WARN_UNUSED_FUNCTION = YES;
				GCC_WARN_UNUSED_VARIABLE = YES;
				IPHONEOS_DEPLOYMENT_TARGET = 8.0;
				MTL_ENABLE_DEBUG_INFO = YES;
				ONLY_ACTIVE_ARCH = YES;
				SDKROOT = iphoneos;
				SWIFT_OPTIMIZATION_LEVEL = "-Onone";
			};
			name = Debug;
		};
		02D42DC219E739EC00455C8D /* Release */ = {
			isa = XCBuildConfiguration;
			buildSettings = {
				ALWAYS_SEARCH_USER_PATHS = NO;
				CLANG_CXX_LANGUAGE_STANDARD = "gnu++0x";
				CLANG_CXX_LIBRARY = "libc++";
				CLANG_ENABLE_MODULES = YES;
				CLANG_ENABLE_OBJC_ARC = YES;
				CLANG_WARN_BOOL_CONVERSION = YES;
				CLANG_WARN_CONSTANT_CONVERSION = YES;
				CLANG_WARN_DIRECT_OBJC_ISA_USAGE = YES_ERROR;
				CLANG_WARN_EMPTY_BODY = YES;
				CLANG_WARN_ENUM_CONVERSION = YES;
				CLANG_WARN_INT_CONVERSION = YES;
				CLANG_WARN_OBJC_ROOT_CLASS = YES_ERROR;
				CLANG_WARN_UNREACHABLE_CODE = YES;
				CLANG_WARN__DUPLICATE_METHOD_MATCH = YES;
				"CODE_SIGN_IDENTITY[sdk=iphoneos*]" = "iPhone Developer";
				COPY_PHASE_STRIP = YES;
				ENABLE_NS_ASSERTIONS = NO;
				ENABLE_STRICT_OBJC_MSGSEND = YES;
				GCC_C_LANGUAGE_STANDARD = gnu99;
				GCC_WARN_64_TO_32_BIT_CONVERSION = YES;
				GCC_WARN_ABOUT_RETURN_TYPE = YES_ERROR;
				GCC_WARN_UNDECLARED_SELECTOR = YES;
				GCC_WARN_UNINITIALIZED_AUTOS = YES_AGGRESSIVE;
				GCC_WARN_UNUSED_FUNCTION = YES;
				GCC_WARN_UNUSED_VARIABLE = YES;
				IPHONEOS_DEPLOYMENT_TARGET = 8.0;
				MTL_ENABLE_DEBUG_INFO = NO;
				SDKROOT = iphoneos;
				VALIDATE_PRODUCT = YES;
			};
			name = Release;
		};
		02D42DC419E739EC00455C8D /* Debug */ = {
			isa = XCBuildConfiguration;
			buildSettings = {
				ASSETCATALOG_COMPILER_APPICON_NAME = AppIcon;
				INFOPLIST_FILE = Tumblr/Info.plist;
				LD_RUNPATH_SEARCH_PATHS = "$(inherited) @executable_path/Frameworks";
				PRODUCT_NAME = "$(TARGET_NAME)";
			};
			name = Debug;
		};
		02D42DC519E739EC00455C8D /* Release */ = {
			isa = XCBuildConfiguration;
			buildSettings = {
				ASSETCATALOG_COMPILER_APPICON_NAME = AppIcon;
				INFOPLIST_FILE = Tumblr/Info.plist;
				LD_RUNPATH_SEARCH_PATHS = "$(inherited) @executable_path/Frameworks";
				PRODUCT_NAME = "$(TARGET_NAME)";
			};
			name = Release;
		};
		02D42DC719E739EC00455C8D /* Debug */ = {
			isa = XCBuildConfiguration;
			buildSettings = {
				BUNDLE_LOADER = "$(TEST_HOST)";
				FRAMEWORK_SEARCH_PATHS = (
					"$(SDKROOT)/Developer/Library/Frameworks",
					"$(inherited)",
				);
				GCC_PREPROCESSOR_DEFINITIONS = (
					"DEBUG=1",
					"$(inherited)",
				);
				INFOPLIST_FILE = TumblrTests/Info.plist;
				LD_RUNPATH_SEARCH_PATHS = "$(inherited) @executable_path/Frameworks @loader_path/Frameworks";
				PRODUCT_NAME = "$(TARGET_NAME)";
				TEST_HOST = "$(BUILT_PRODUCTS_DIR)/Tumblr.app/Tumblr";
			};
			name = Debug;
		};
		02D42DC819E739EC00455C8D /* Release */ = {
			isa = XCBuildConfiguration;
			buildSettings = {
				BUNDLE_LOADER = "$(TEST_HOST)";
				FRAMEWORK_SEARCH_PATHS = (
					"$(SDKROOT)/Developer/Library/Frameworks",
					"$(inherited)",
				);
				INFOPLIST_FILE = TumblrTests/Info.plist;
				LD_RUNPATH_SEARCH_PATHS = "$(inherited) @executable_path/Frameworks @loader_path/Frameworks";
				PRODUCT_NAME = "$(TARGET_NAME)";
				TEST_HOST = "$(BUILT_PRODUCTS_DIR)/Tumblr.app/Tumblr";
			};
			name = Release;
		};
/* End XCBuildConfiguration section */

/* Begin XCConfigurationList section */
		02D42D9F19E739EC00455C8D /* Build configuration list for PBXProject "Tumblr" */ = {
			isa = XCConfigurationList;
			buildConfigurations = (
				02D42DC119E739EC00455C8D /* Debug */,
				02D42DC219E739EC00455C8D /* Release */,
			);
			defaultConfigurationIsVisible = 0;
			defaultConfigurationName = Release;
		};
		02D42DC319E739EC00455C8D /* Build configuration list for PBXNativeTarget "Tumblr" */ = {
			isa = XCConfigurationList;
			buildConfigurations = (
				02D42DC419E739EC00455C8D /* Debug */,
				02D42DC519E739EC00455C8D /* Release */,
			);
			defaultConfigurationIsVisible = 0;
			defaultConfigurationName = Release;
		};
		02D42DC619E739EC00455C8D /* Build configuration list for PBXNativeTarget "TumblrTests" */ = {
			isa = XCConfigurationList;
			buildConfigurations = (
				02D42DC719E739EC00455C8D /* Debug */,
				02D42DC819E739EC00455C8D /* Release */,
			);
			defaultConfigurationIsVisible = 0;
			defaultConfigurationName = Release;
		};
/* End XCConfigurationList section */
	};
	rootObject = 02D42D9C19E739EC00455C8D /* Project object */;
}
